
Microsoft Visual Studio Solution File, Format Version 11.00
# Visual Studio 2010
Project("{FAE04EC0-301F-11D3-BF4B-00C04F79EFBC}") = "Assembly-CSharp", "Assembly-CSharp.csproj", "{392354fe-3e84-f0a0-a1fa-e259328e5a36}"
EndProject
Project("{FAE04EC0-301F-11D3-BF4B-00C04F79EFBC}") = "Assembly-CSharp-Editor", "Assembly-CSharp-Editor.csproj", "{8f08981e-9b92-c5c7-8c4f-dc39980d34f2}"
EndProject
Global
	GlobalSection(SolutionConfigurationPlatforms) = preSolution
		Debug|Any CPU = Debug|Any CPU
	EndGlobalSection
	GlobalSection(ProjectConfigurationPlatforms) = postSolution
		{392354fe-3e84-f0a0-a1fa-e259328e5a36}.Debug|Any CPU.ActiveCfg = Debug|Any CPU
		{392354fe-3e84-f0a0-a1fa-e259328e5a36}.Debug|Any CPU.Build.0 = Debug|Any CPU
		{8f08981e-9b92-c5c7-8c4f-dc39980d34f2}.Debug|Any CPU.ActiveCfg = Debug|Any CPU
		{8f08981e-9b92-c5c7-8c4f-dc39980d34f2}.Debug|Any CPU.Build.0 = Debug|Any CPU
	EndGlobalSection
	GlobalSection(SolutionProperties) = preSolution
		HideSolutionNode = FALSE
	EndGlobalSection
EndGlobal
